{
  "name": "package",
  "version": "1.0.0",
  "lockfileVersion": 1,
  "requires": true,
  "dependencies": {
    "jquery": {
      "version": "3.3.1",
      "resolved": "https://registry.npmjs.org/jquery/-/jquery-3.3.1.tgz",
      "integrity": "sha512-Ubldcmxp5np52/ENotGxlLe6aGMvmF4R8S6tZjsP6Knsaxd/xp3Zrh50cG93lR6nPXyUFwzN3ZSOQI0wRJNdGg=="
    },
    "jquery-lazy": {
      "version": "1.7.8",
      "resolved": "https://registry.npmjs.org/jquery-lazy/-/jquery-lazy-1.7.8.tgz",
      "integrity": "sha512-+SqYpTZ+twuN1ykJ+KR2SSxkyncGDSTC01w504CrJ4Y498O8Lu49xCaoBzZkbPjuofgLFPtEKIWaOmQpniue6w==",
      "requires": {
        "jquery": "3.3.1"
      }
    },
    "waypoints": {
      "version": "4.0.1",
      "resolved": "https://registry.npmjs.org/waypoints/-/waypoints-4.0.1.tgz",
      "integrity": "sha1-CZeaBXOBCylifLpDZqKEoGLsacg="
    }
  }
}
